# This file is automatically @generated by Cargo.
# It is not intended for manual editing.
version = 4

[[package]]
name = "cc"
version = "1.2.62"
source = "registry+https://github.com/rust-lang/crates.io-index"
checksum = "a1dce859f0832a7d088c4f1119888ab94ef4b5d6795d1ce05afb7fe159d79f98"
dependencies = [
 "find-msvc-tools",
 "shlex",
]

[[package]]
name = "find-msvc-tools"
version = "0.1.9"
source = "registry+https://github.com/rust-lang/crates.io-index"
checksum = "5baebc0774151f905a1a2cc41989300b1e6fbb29aff0ceffa1064fdd3088d582"

[[package]]
name = "proc-macro2"
version = "1.0.106"
source = "registry+https://github.com/rust-lang/crates.io-index"
checksum = "8fd00f0bb2e90d81d1044c2b32617f68fcb9fa3bb7640c23e9c748e53fb30934"
dependencies = [
 "unicode-ident",
]

[[package]]
name = "quote"
version = "1.0.45"
source = "registry+https://github.com/rust-lang/crates.io-index"
checksum = "41f2619966050689382d2b44f664f4bc593e129785a36d6ee376ddf37259b924"
dependencies = [
 "proc-macro2",
]

[[package]]
name = "r_calls_rust_savvy"
version = "0.1.0"
dependencies = [
 "savvy",
]

[[package]]
name = "savvy"
version = "0.10.2"
source = "registry+https://github.com/rust-lang/crates.io-index"
checksum = "d75d7761a922244efc6b461a329fbc96c281d97b808ce9e04eec122d3fd8d133"
dependencies = [
 "cc",
 "savvy-ffi",
 "savvy-macro",
]

[[package]]
name = "savvy-bindgen"
version = "0.10.2"
source = "registry+https://github.com/rust-lang/crates.io-index"
checksum = "be049f6999b662c96a85ae9ba32db870d6fb9f27f6bb974c59f35cd223117133"
dependencies = [
 "proc-macro2",
 "quote",
 "syn",
]

[[package]]
name = "savvy-ffi"
version = "0.10.2"
source = "registry+https://github.com/rust-lang/crates.io-index"
checksum = "00baf88f4e36b33e0bdebd0eecdb656abc9e77177fd75c427825697b01dc43bb"
dependencies = [
 "cc",
]

[[package]]
name = "savvy-macro"
version = "0.10.2"
source = "registry+https://github.com/rust-lang/crates.io-index"
checksum = "165df2b1d139e955017f1e19530d7b01c44d960b6c93d5eb44671cb889505ef3"
dependencies = [
 "proc-macro2",
 "quote",
 "savvy-bindgen",
 "syn",
]

[[package]]
name = "shlex"
version = "1.3.0"
source = "registry+https://github.com/rust-lang/crates.io-index"
checksum = "0fda2ff0d084019ba4d7c6f371c95d8fd75ce3524c3cb8fb653a3023f6323e64"

[[package]]
name = "syn"
version = "2.0.117"
source = "registry+https://github.com/rust-lang/crates.io-index"
checksum = "e665b8803e7b1d2a727f4023456bbbbe74da67099c585258af0ad9c5013b9b99"
dependencies = [
 "proc-macro2",
 "quote",
 "unicode-ident",
]

[[package]]
name = "unicode-ident"
version = "1.0.24"
source = "registry+https://github.com/rust-lang/crates.io-index"
checksum = "e6e4313cd5fcd3dad5cafa179702e2b244f760991f45397d14d4ebf38247da75"
